
Microsoft Visual Studio Solution File, Format Version 12.00
# Visual Studio 15
VisualStudioVersion = 15.0.27703.2018
MinimumVisualStudioVersion = 10.0.40219.1
Project("{8BC9CEB8-8B4A-11D0-8D11-00A0C91BC942}") = "game", "game\game.vcxproj", "{F5D4AE16-D279-4903-8F72-1276D7FA1B7A}"
EndProject
Global
	GlobalSection(SolutionConfigurationPlatforms) = preSolution
		Debug|x64 = Debug|x64
		Debug|x86 = Debug|x86
		Release|x64 = Release|x64
		Release|x86 = Release|x86
	EndGlobalSection
	GlobalSection(ProjectConfigurationPlatforms) = postSolution
		{F5D4AE16-D279-4903-8F72-1276D7FA1B7A}.Debug|x64.ActiveCfg = Debug|x64
		{F5D4AE16-D279-4903-8F72-1276D7FA1B7A}.Debug|x64.Build.0 = Debug|x64
		{F5D4AE16-D279-4903-8F72-1276D7FA1B7A}.Debug|x86.ActiveCfg = Debug|Win32
		{F5D4AE16-D279-4903-8F72-1276D7FA1B7A}.Debug|x86.Build.0 = Debug|Win32
		{F5D4AE16-D279-4903-8F72-1276D7FA1B7A}.Release|x64.ActiveCfg = Release|x64
		{F5D4AE16-D279-4903-8F72-1276D7FA1B7A}.Release|x64.Build.0 = Release|x64
		{F5D4AE16-D279-4903-8F72-1276D7FA1B7A}.Release|x86.ActiveCfg = Release|Win32
		{F5D4AE16-D279-4903-8F72-1276D7FA1B7A}.Release|x86.Build.0 = Release|Win32
	EndGlobalSection
	GlobalSection(SolutionProperties) = preSolution
		HideSolutionNode = FALSE
	EndGlobalSection
	GlobalSection(ExtensibilityGlobals) = postSolution
		SolutionGuid = {3FA0FA96-9764-4F81-BF30-40B97073C7DE}
	EndGlobalSection
EndGlobal
